
Microsoft Visual Studio Solution File, Format Version 12.00
# Visual Studio Version 16
VisualStudioVersion = 16.0.35130.168
MinimumVisualStudioVersion = 10.0.40219.1
Project("{FAE04EC0-301F-11D3-BF4B-00C04F79EFBC}") = "MI2B", "MI2B\MI2B.csproj", "{489A630B-B7C0-49CB-A2D2-8F0B11B2772F}"
EndProject
Global
	GlobalSection(SolutionConfigurationPlatforms) = preSolution
		Debug|Any CPU = Debug|Any CPU
		Release|Any CPU = Release|Any CPU
	EndGlobalSection
	GlobalSection(ProjectConfigurationPlatforms) = postSolution
		{489A630B-B7C0-49CB-A2D2-8F0B11B2772F}.Debug|Any CPU.ActiveCfg = Debug|Any CPU
		{489A630B-B7C0-49CB-A2D2-8F0B11B2772F}.Debug|Any CPU.Build.0 = Debug|Any CPU
		{489A630B-B7C0-49CB-A2D2-8F0B11B2772F}.Release|Any CPU.ActiveCfg = Release|Any CPU
		{489A630B-B7C0-49CB-A2D2-8F0B11B2772F}.Release|Any CPU.Build.0 = Release|Any CPU
	EndGlobalSection
	GlobalSection(SolutionProperties) = preSolution
		HideSolutionNode = FALSE
	EndGlobalSection
	GlobalSection(ExtensibilityGlobals) = postSolution
		SolutionGuid = {6C3C07DB-9C04-4DAA-9258-7CAFFF2F9AE5}
	EndGlobalSection
EndGlobal
